
Microsoft Visual Studio Solution File, Format Version 12.00
# Visual Studio Version 17
VisualStudioVersion = 17.6.33717.318
MinimumVisualStudioVersion = 10.0.40219.1
Project("{FAE04EC0-301F-11D3-BF4B-00C04F79EFBC}") = "Assignment-2", "Assignment-2\Assignment-2.csproj", "{FD6815B4-56E2-4CE5-8CD0-F7FA1047C80C}"
EndProject
Global
	GlobalSection(SolutionConfigurationPlatforms) = preSolution
		Debug|Any CPU = Debug|Any CPU
		Release|Any CPU = Release|Any CPU
	EndGlobalSection
	GlobalSection(ProjectConfigurationPlatforms) = postSolution
		{FD6815B4-56E2-4CE5-8CD0-F7FA1047C80C}.Debug|Any CPU.ActiveCfg = Debug|Any CPU
		{FD6815B4-56E2-4CE5-8CD0-F7FA1047C80C}.Debug|Any CPU.Build.0 = Debug|Any CPU
		{FD6815B4-56E2-4CE5-8CD0-F7FA1047C80C}.Release|Any CPU.ActiveCfg = Release|Any CPU
		{FD6815B4-56E2-4CE5-8CD0-F7FA1047C80C}.Release|Any CPU.Build.0 = Release|Any CPU
	EndGlobalSection
	GlobalSection(SolutionProperties) = preSolution
		HideSolutionNode = FALSE
	EndGlobalSection
	GlobalSection(ExtensibilityGlobals) = postSolution
		SolutionGuid = {04A16251-2A4D-4CF9-88B9-CFF645B0ADF2}
	EndGlobalSection
EndGlobal
